
Microsoft Visual Studio Solution File, Format Version 12.00
# Visual Studio Version 17
VisualStudioVersion = 17.2.32616.157
MinimumVisualStudioVersion = 10.0.40219.1
Project("{FAE04EC0-301F-11D3-BF4B-00C04F79EFBC}") = "OnlineShopping", "OnlineShopping\OnlineShopping.csproj", "{E1E46B70-93E3-4812-926C-4879F2737D0C}"
EndProject
Global
	GlobalSection(SolutionConfigurationPlatforms) = preSolution
		Debug|Any CPU = Debug|Any CPU
		Release|Any CPU = Release|Any CPU
	EndGlobalSection
	GlobalSection(ProjectConfigurationPlatforms) = postSolution
		{E1E46B70-93E3-4812-926C-4879F2737D0C}.Debug|Any CPU.ActiveCfg = Debug|Any CPU
		{E1E46B70-93E3-4812-926C-4879F2737D0C}.Debug|Any CPU.Build.0 = Debug|Any CPU
		{E1E46B70-93E3-4812-926C-4879F2737D0C}.Release|Any CPU.ActiveCfg = Release|Any CPU
		{E1E46B70-93E3-4812-926C-4879F2737D0C}.Release|Any CPU.Build.0 = Release|Any CPU
	EndGlobalSection
	GlobalSection(SolutionProperties) = preSolution
		HideSolutionNode = FALSE
	EndGlobalSection
	GlobalSection(ExtensibilityGlobals) = postSolution
		SolutionGuid = {2E4B1DB1-3EF1-450C-8CB1-FBD6E6567BC2}
	EndGlobalSection
EndGlobal
